# THIS IS AN AUTOGENERATED FILE. DO NOT EDIT THIS FILE DIRECTLY.
# yarn lockfile v1


vue-localstorage@^0.4.2:
  version "0.4.2"
  resolved "https://registry.yarnpkg.com/vue-localstorage/-/vue-localstorage-0.4.2.tgz#f2c8b7cb108f4e5a692aefb91703a082258bcfe0"

vue-router@^2.7.0:
  version "2.7.0"
  resolved "https://registry.yarnpkg.com/vue-router/-/vue-router-2.7.0.tgz#16d424493aa51c3c8cce8b7c7210ea4c3a89aff1"
